github.com/rjNemo/underscore v0.4.0 h1:g+xEbci2+bqR8NbhfM3xl9ZCbB+j9mkAx0F2YNlYB10=
github.com/rjNemo/underscore v0.4.0/go.mod h1:y3LuKy2UP6zp7yZff5ZGRm1s/s9QvCoCoQZVqAkk3hM=
golang.org/x/exp v0.0.0-20220314205449-43aec2f8a4e7 h1:jynE66seADJbyWMUdeOyVTvPtBZt7L6LJHupGwxPZRM=
golang.org/x/exp v0.0.0-20220314205449-43aec2f8a4e7/go.mod h1:lgLbSvA5ygNOMpwM/9anMpWVlVJ7Z+cHWq/eFuinpGE=
golang.org/x/exp v0.0.0-20220722155223-a9213eeb770e h1:+WEEuIdZHnUeJJmEUjyYC2gfUMj69yZXw17EnHg/otA=
golang.org/x/exp v0.0.0-20220722155223-a9213eeb770e/go.mod h1:Kr81I6Kryrl9sr8s2FK3vxD90NdsKWRuOIl2O4CvYbA=
